
Microsoft Visual Studio Solution File, Format Version 12.00
# Visual Studio 15
VisualStudioVersion = 15.0.34729.27
MinimumVisualStudioVersion = 10.0.40219.1
Project("{CC5FD16D-436D-48AD-A40C-5A424C6E3E79}") = "WCFHealthMonitoring", "WCFHealthMonitoring\WCFHealthMonitoring.ccproj", "{C03CAA31-58CC-47A9-85AD-885C2D85CFAE}"
EndProject
Project("{FAE04EC0-301F-11D3-BF4B-00C04F79EFBC}") = "JobWorker", "JobWorker\JobWorker.csproj", "{8254AD9F-9769-45E2-ACDB-C702B871C16D}"
EndProject
Global
	GlobalSection(SolutionConfigurationPlatforms) = preSolution
		Debug|Any CPU = Debug|Any CPU
		Release|Any CPU = Release|Any CPU
	EndGlobalSection
	GlobalSection(ProjectConfigurationPlatforms) = postSolution
		{C03CAA31-58CC-47A9-85AD-885C2D85CFAE}.Debug|Any CPU.ActiveCfg = Debug|Any CPU
		{C03CAA31-58CC-47A9-85AD-885C2D85CFAE}.Debug|Any CPU.Build.0 = Debug|Any CPU
		{C03CAA31-58CC-47A9-85AD-885C2D85CFAE}.Release|Any CPU.ActiveCfg = Release|Any CPU
		{C03CAA31-58CC-47A9-85AD-885C2D85CFAE}.Release|Any CPU.Build.0 = Release|Any CPU
		{8254AD9F-9769-45E2-ACDB-C702B871C16D}.Debug|Any CPU.ActiveCfg = Debug|Any CPU
		{8254AD9F-9769-45E2-ACDB-C702B871C16D}.Debug|Any CPU.Build.0 = Debug|Any CPU
		{8254AD9F-9769-45E2-ACDB-C702B871C16D}.Release|Any CPU.ActiveCfg = Release|Any CPU
		{8254AD9F-9769-45E2-ACDB-C702B871C16D}.Release|Any CPU.Build.0 = Release|Any CPU
	EndGlobalSection
	GlobalSection(SolutionProperties) = preSolution
		HideSolutionNode = FALSE
	EndGlobalSection
	GlobalSection(ExtensibilityGlobals) = postSolution
		SolutionGuid = {2B629C15-AAFB-4380-9C87-1006DF091E1F}
	EndGlobalSection
EndGlobal
