
Microsoft Visual Studio Solution File, Format Version 12.00
# Visual Studio 15
VisualStudioVersion = 15.0.34729.27
MinimumVisualStudioVersion = 10.0.40219.1
Project("{CC5FD16D-436D-48AD-A40C-5A424C6E3E79}") = "InterroleCommunication", "InterroleCommunication\InterroleCommunication.ccproj", "{95BA2D5F-F34B-4EA4-94DA-D30AD027E001}"
EndProject
Project("{FAE04EC0-301F-11D3-BF4B-00C04F79EFBC}") = "JobWorker", "JobWorker\JobWorker.csproj", "{91BB37E9-B3B3-4233-8082-2DF1514C4BC0}"
EndProject
Project("{FAE04EC0-301F-11D3-BF4B-00C04F79EFBC}") = "JobInvoker", "JobInvoker\JobInvoker.csproj", "{E321CB5D-A87E-4947-A391-0688006343ED}"
EndProject
Project("{FAE04EC0-301F-11D3-BF4B-00C04F79EFBC}") = "InterroleContracts", "InterroleContracts\InterroleContracts.csproj", "{C0E5E1FF-E157-4DD2-901D-524C61755EA6}"
EndProject
Global
	GlobalSection(SolutionConfigurationPlatforms) = preSolution
		Debug|Any CPU = Debug|Any CPU
		Release|Any CPU = Release|Any CPU
	EndGlobalSection
	GlobalSection(ProjectConfigurationPlatforms) = postSolution
		{95BA2D5F-F34B-4EA4-94DA-D30AD027E001}.Debug|Any CPU.ActiveCfg = Debug|Any CPU
		{95BA2D5F-F34B-4EA4-94DA-D30AD027E001}.Debug|Any CPU.Build.0 = Debug|Any CPU
		{95BA2D5F-F34B-4EA4-94DA-D30AD027E001}.Release|Any CPU.ActiveCfg = Release|Any CPU
		{95BA2D5F-F34B-4EA4-94DA-D30AD027E001}.Release|Any CPU.Build.0 = Release|Any CPU
		{91BB37E9-B3B3-4233-8082-2DF1514C4BC0}.Debug|Any CPU.ActiveCfg = Debug|Any CPU
		{91BB37E9-B3B3-4233-8082-2DF1514C4BC0}.Debug|Any CPU.Build.0 = Debug|Any CPU
		{91BB37E9-B3B3-4233-8082-2DF1514C4BC0}.Release|Any CPU.ActiveCfg = Release|Any CPU
		{91BB37E9-B3B3-4233-8082-2DF1514C4BC0}.Release|Any CPU.Build.0 = Release|Any CPU
		{E321CB5D-A87E-4947-A391-0688006343ED}.Debug|Any CPU.ActiveCfg = Debug|Any CPU
		{E321CB5D-A87E-4947-A391-0688006343ED}.Debug|Any CPU.Build.0 = Debug|Any CPU
		{E321CB5D-A87E-4947-A391-0688006343ED}.Release|Any CPU.ActiveCfg = Release|Any CPU
		{E321CB5D-A87E-4947-A391-0688006343ED}.Release|Any CPU.Build.0 = Release|Any CPU
		{C0E5E1FF-E157-4DD2-901D-524C61755EA6}.Debug|Any CPU.ActiveCfg = Debug|Any CPU
		{C0E5E1FF-E157-4DD2-901D-524C61755EA6}.Debug|Any CPU.Build.0 = Debug|Any CPU
		{C0E5E1FF-E157-4DD2-901D-524C61755EA6}.Release|Any CPU.ActiveCfg = Release|Any CPU
		{C0E5E1FF-E157-4DD2-901D-524C61755EA6}.Release|Any CPU.Build.0 = Release|Any CPU
	EndGlobalSection
	GlobalSection(SolutionProperties) = preSolution
		HideSolutionNode = FALSE
	EndGlobalSection
	GlobalSection(ExtensibilityGlobals) = postSolution
		SolutionGuid = {410C3E6D-FC30-4424-ACFD-6380341EBB37}
	EndGlobalSection
EndGlobal
